
Microsoft Visual Studio Solution File, Format Version 12.00
# Visual Studio 15
VisualStudioVersion = 15.0.26403.7
MinimumVisualStudioVersion = 10.0.40219.1
Project("{2150E333-8FDC-42A3-9474-1A3956D46DE8}") = ".paket", ".paket", "{1758C3FD-0922-4146-9AE7-106E20EB9252}"
	ProjectSection(SolutionItems) = preProject
		paket.dependencies = paket.dependencies
		paket.lock = paket.lock
	EndProjectSection
EndProject
Project("{2150E333-8FDC-42A3-9474-1A3956D46DE8}") = "Solution Items", "Solution Items", "{753A3A95-2B2F-43DD-A32C-3299B820059C}"
	ProjectSection(SolutionItems) = preProject
		.gitignore = .gitignore
		.vs\config\applicationhost.config = .vs\config\applicationhost.config
		appveyor.yml = appveyor.yml
		README.md = README.md
		run_coverage.cmd = run_coverage.cmd
		run_quality.cmd = run_quality.cmd
		SharedAssemblyInfo.cs = SharedAssemblyInfo.cs
	EndProjectSection
EndProject
Project("{FAE04EC0-301F-11D3-BF4B-00C04F79EFBC}") = "Alfred.IoC", "Alfred.IoC\Alfred.IoC.csproj", "{E2F7B035-DB0D-4FD0-8246-7B0B7ABBB99A}"
EndProject
Project("{2150E333-8FDC-42A3-9474-1A3956D46DE8}") = "Tests", "Tests", "{E32EDA1A-507E-47E5-9637-10B1815F4F73}"
EndProject
Project("{FAE04EC0-301F-11D3-BF4B-00C04F79EFBC}") = "Alfred.Configuration", "Alfred.Configuration\Alfred.Configuration.csproj", "{72A89197-AB57-4966-A23D-27575BBC5D13}"
EndProject
Project("{FAE04EC0-301F-11D3-BF4B-00C04F79EFBC}") = "Alfred.WebApi", "Alfred.WebApi\Alfred.WebApi.csproj", "{71A0FFB9-8A85-47BA-A57E-690DF305676D}"
EndProject
Project("{FAE04EC0-301F-11D3-BF4B-00C04F79EFBC}") = "Alfred.Dal.Implementation.Fake", "Alfred.Dal.Implementation.Fake\Alfred.Dal.Implementation.Fake.csproj", "{D4DA6BD1-E5EA-437B-B5BD-EEF6507ED9AD}"
EndProject
Project("{2150E333-8FDC-42A3-9474-1A3956D46DE8}") = "Infrastructure", "Infrastructure", "{F99603C6-DED9-466C-873A-613780D92DA3}"
EndProject
Project("{FAE04EC0-301F-11D3-BF4B-00C04F79EFBC}") = "Alfred.Shared", "Alfred.Shared\Alfred.Shared.csproj", "{45FA6BD5-2EDD-4291-A85F-4077C49E03B2}"
EndProject
Project("{FAE04EC0-301F-11D3-BF4B-00C04F79EFBC}") = "Alfred", "Alfred\Alfred.csproj", "{0AC77044-6602-4893-BE57-2755689AF958}"
EndProject
Project("{FAE04EC0-301F-11D3-BF4B-00C04F79EFBC}") = "Alfred.Domain", "Alfred.Domain\Alfred.Domain.csproj", "{ADBCCD95-4768-49C5-929F-9562AA586293}"
EndProject
Project("{FAE04EC0-301F-11D3-BF4B-00C04F79EFBC}") = "Alfred.Dal", "Alfred.Dal\Alfred.Dal.csproj", "{2F8230EB-69BD-4024-B672-8947C340D34D}"
EndProject
Project("{FAE04EC0-301F-11D3-BF4B-00C04F79EFBC}") = "Alfred.Dal.Tests", "Alfred.Dal.Tests\Alfred.Dal.Tests.csproj", "{5FC4560D-6D35-4098-84DC-29A49362C170}"
EndProject
Project("{FAE04EC0-301F-11D3-BF4B-00C04F79EFBC}") = "Alfred.Domain.Tests", "Alfred.Domain.Tests\Alfred.Domain.Tests.csproj", "{C28CE18D-3F47-4434-A939-237E6E4AEDF4}"
EndProject
Project("{FAE04EC0-301F-11D3-BF4B-00C04F79EFBC}") = "Alfred.Dal.Implementation.Fake.Tests", "Alfred.Dal.Implementation.Fake.Tests\Alfred.Dal.Implementation.Fake.Tests.csproj", "{37D98F19-6278-4FD1-A34E-A9DB21A9ADBA}"
EndProject
Project("{FAE04EC0-301F-11D3-BF4B-00C04F79EFBC}") = "Alfred.Shared.Tests", "Alfred.Shared.Tests\Alfred.Shared.Tests.csproj", "{7404C762-F0A7-40AA-8124-D262003F9290}"
EndProject
Project("{FAE04EC0-301F-11D3-BF4B-00C04F79EFBC}") = "Alfred.Logging", "Alfred.Logging\Alfred.Logging.csproj", "{B9B331E1-74AC-4BD2-8FEA-6CBC52BB99E5}"
EndProject
Project("{FAE04EC0-301F-11D3-BF4B-00C04F79EFBC}") = "Alfred.Configuration.Tests", "Alfred.Configuration.Tests\Alfred.Configuration.Tests.csproj", "{B6BB7A8D-AF26-439B-AC23-EBE81341F754}"
EndProject
Project("{FAE04EC0-301F-11D3-BF4B-00C04F79EFBC}") = "Alfred.WebApi.NetCore", "Alfred.WebApi.NetCore\Alfred.WebApi.NetCore.csproj", "{0F33F7F8-D408-4A2A-B041-DD7D0942BFE7}"
EndProject
Project("{FAE04EC0-301F-11D3-BF4B-00C04F79EFBC}") = "Alfred.Domain.Standard", "Alfred.Domain.Standard\Alfred.Domain.Standard.csproj", "{40D7BD21-AACB-4C9F-BFD6-4DD1E98AA91E}"
EndProject
Project("{FAE04EC0-301F-11D3-BF4B-00C04F79EFBC}") = "Alfred.Standard", "Alfred.Standard\Alfred.Standard.csproj", "{4C2215C4-9A53-41E4-9EC9-7C77D72A911B}"
EndProject
Project("{FAE04EC0-301F-11D3-BF4B-00C04F79EFBC}") = "Alfred.Shared.Standard", "Alfred.Shared.Standard\Alfred.Shared.Standard.csproj", "{F4B7345B-AB71-4CC1-AEBF-0396EB1B690A}"
EndProject
Project("{FAE04EC0-301F-11D3-BF4B-00C04F79EFBC}") = "Alfred.Dal.Standard", "Alfred.Dal.Standard\Alfred.Dal.Standard.csproj", "{5E5A8C57-EEF5-4ED6-8512-A935D0BEB05A}"
EndProject
Project("{FAE04EC0-301F-11D3-BF4B-00C04F79EFBC}") = "Alfred.Dal.Implementation.Fake.Standard", "Alfred.Dal.Implementation.Fake.Standard\Alfred.Dal.Implementation.Fake.Standard.csproj", "{9B430C19-DA2E-4277-8A8A-FF6C486B4F50}"
EndProject
Project("{FAE04EC0-301F-11D3-BF4B-00C04F79EFBC}") = "Alfred.IoC.Standard", "Alfred.IoC.Standard\Alfred.IoC.Standard.csproj", "{54BE71E6-FC2F-478F-8E5E-D7310776FC91}"
EndProject
Global
	GlobalSection(SolutionConfigurationPlatforms) = preSolution
		Debug|Any CPU = Debug|Any CPU
		Release|Any CPU = Release|Any CPU
	EndGlobalSection
	GlobalSection(ProjectConfigurationPlatforms) = postSolution
		{E2F7B035-DB0D-4FD0-8246-7B0B7ABBB99A}.Debug|Any CPU.ActiveCfg = Debug|Any CPU
		{E2F7B035-DB0D-4FD0-8246-7B0B7ABBB99A}.Debug|Any CPU.Build.0 = Debug|Any CPU
		{E2F7B035-DB0D-4FD0-8246-7B0B7ABBB99A}.Release|Any CPU.ActiveCfg = Release|Any CPU
		{E2F7B035-DB0D-4FD0-8246-7B0B7ABBB99A}.Release|Any CPU.Build.0 = Release|Any CPU
		{72A89197-AB57-4966-A23D-27575BBC5D13}.Debug|Any CPU.ActiveCfg = Debug|Any CPU
		{72A89197-AB57-4966-A23D-27575BBC5D13}.Debug|Any CPU.Build.0 = Debug|Any CPU
		{72A89197-AB57-4966-A23D-27575BBC5D13}.Release|Any CPU.ActiveCfg = Release|Any CPU
		{72A89197-AB57-4966-A23D-27575BBC5D13}.Release|Any CPU.Build.0 = Release|Any CPU
		{71A0FFB9-8A85-47BA-A57E-690DF305676D}.Debug|Any CPU.ActiveCfg = Debug|Any CPU
		{71A0FFB9-8A85-47BA-A57E-690DF305676D}.Debug|Any CPU.Build.0 = Debug|Any CPU
		{71A0FFB9-8A85-47BA-A57E-690DF305676D}.Release|Any CPU.ActiveCfg = Release|Any CPU
		{71A0FFB9-8A85-47BA-A57E-690DF305676D}.Release|Any CPU.Build.0 = Release|Any CPU
		{D4DA6BD1-E5EA-437B-B5BD-EEF6507ED9AD}.Debug|Any CPU.ActiveCfg = Debug|Any CPU
		{D4DA6BD1-E5EA-437B-B5BD-EEF6507ED9AD}.Debug|Any CPU.Build.0 = Debug|Any CPU
		{D4DA6BD1-E5EA-437B-B5BD-EEF6507ED9AD}.Release|Any CPU.ActiveCfg = Release|Any CPU
		{D4DA6BD1-E5EA-437B-B5BD-EEF6507ED9AD}.Release|Any CPU.Build.0 = Release|Any CPU
		{45FA6BD5-2EDD-4291-A85F-4077C49E03B2}.Debug|Any CPU.ActiveCfg = Debug|Any CPU
		{45FA6BD5-2EDD-4291-A85F-4077C49E03B2}.Debug|Any CPU.Build.0 = Debug|Any CPU
		{45FA6BD5-2EDD-4291-A85F-4077C49E03B2}.Release|Any CPU.ActiveCfg = Release|Any CPU
		{45FA6BD5-2EDD-4291-A85F-4077C49E03B2}.Release|Any CPU.Build.0 = Release|Any CPU
		{0AC77044-6602-4893-BE57-2755689AF958}.Debug|Any CPU.ActiveCfg = Debug|Any CPU
		{0AC77044-6602-4893-BE57-2755689AF958}.Debug|Any CPU.Build.0 = Debug|Any CPU
		{0AC77044-6602-4893-BE57-2755689AF958}.Release|Any CPU.ActiveCfg = Release|Any CPU
		{0AC77044-6602-4893-BE57-2755689AF958}.Release|Any CPU.Build.0 = Release|Any CPU
		{ADBCCD95-4768-49C5-929F-9562AA586293}.Debug|Any CPU.ActiveCfg = Debug|Any CPU
		{ADBCCD95-4768-49C5-929F-9562AA586293}.Debug|Any CPU.Build.0 = Debug|Any CPU
		{ADBCCD95-4768-49C5-929F-9562AA586293}.Release|Any CPU.ActiveCfg = Release|Any CPU
		{ADBCCD95-4768-49C5-929F-9562AA586293}.Release|Any CPU.Build.0 = Release|Any CPU
		{2F8230EB-69BD-4024-B672-8947C340D34D}.Debug|Any CPU.ActiveCfg = Debug|Any CPU
		{2F8230EB-69BD-4024-B672-8947C340D34D}.Debug|Any CPU.Build.0 = Debug|Any CPU
		{2F8230EB-69BD-4024-B672-8947C340D34D}.Release|Any CPU.ActiveCfg = Release|Any CPU
		{2F8230EB-69BD-4024-B672-8947C340D34D}.Release|Any CPU.Build.0 = Release|Any CPU
		{5FC4560D-6D35-4098-84DC-29A49362C170}.Debug|Any CPU.ActiveCfg = Debug|Any CPU
		{5FC4560D-6D35-4098-84DC-29A49362C170}.Debug|Any CPU.Build.0 = Debug|Any CPU
		{5FC4560D-6D35-4098-84DC-29A49362C170}.Release|Any CPU.ActiveCfg = Release|Any CPU
		{5FC4560D-6D35-4098-84DC-29A49362C170}.Release|Any CPU.Build.0 = Release|Any CPU
		{C28CE18D-3F47-4434-A939-237E6E4AEDF4}.Debug|Any CPU.ActiveCfg = Debug|Any CPU
		{C28CE18D-3F47-4434-A939-237E6E4AEDF4}.Debug|Any CPU.Build.0 = Debug|Any CPU
		{C28CE18D-3F47-4434-A939-237E6E4AEDF4}.Release|Any CPU.ActiveCfg = Release|Any CPU
		{C28CE18D-3F47-4434-A939-237E6E4AEDF4}.Release|Any CPU.Build.0 = Release|Any CPU
		{37D98F19-6278-4FD1-A34E-A9DB21A9ADBA}.Debug|Any CPU.ActiveCfg = Debug|Any CPU
		{37D98F19-6278-4FD1-A34E-A9DB21A9ADBA}.Debug|Any CPU.Build.0 = Debug|Any CPU
		{37D98F19-6278-4FD1-A34E-A9DB21A9ADBA}.Release|Any CPU.ActiveCfg = Release|Any CPU
		{37D98F19-6278-4FD1-A34E-A9DB21A9ADBA}.Release|Any CPU.Build.0 = Release|Any CPU
		{7404C762-F0A7-40AA-8124-D262003F9290}.Debug|Any CPU.ActiveCfg = Debug|Any CPU
		{7404C762-F0A7-40AA-8124-D262003F9290}.Debug|Any CPU.Build.0 = Debug|Any CPU
		{7404C762-F0A7-40AA-8124-D262003F9290}.Release|Any CPU.ActiveCfg = Release|Any CPU
		{7404C762-F0A7-40AA-8124-D262003F9290}.Release|Any CPU.Build.0 = Release|Any CPU
		{B9B331E1-74AC-4BD2-8FEA-6CBC52BB99E5}.Debug|Any CPU.ActiveCfg = Debug|Any CPU
		{B9B331E1-74AC-4BD2-8FEA-6CBC52BB99E5}.Debug|Any CPU.Build.0 = Debug|Any CPU
		{B9B331E1-74AC-4BD2-8FEA-6CBC52BB99E5}.Release|Any CPU.ActiveCfg = Release|Any CPU
		{B9B331E1-74AC-4BD2-8FEA-6CBC52BB99E5}.Release|Any CPU.Build.0 = Release|Any CPU
		{B6BB7A8D-AF26-439B-AC23-EBE81341F754}.Debug|Any CPU.ActiveCfg = Debug|Any CPU
		{B6BB7A8D-AF26-439B-AC23-EBE81341F754}.Debug|Any CPU.Build.0 = Debug|Any CPU
		{B6BB7A8D-AF26-439B-AC23-EBE81341F754}.Release|Any CPU.ActiveCfg = Release|Any CPU
		{B6BB7A8D-AF26-439B-AC23-EBE81341F754}.Release|Any CPU.Build.0 = Release|Any CPU
		{0F33F7F8-D408-4A2A-B041-DD7D0942BFE7}.Debug|Any CPU.ActiveCfg = Debug|Any CPU
		{0F33F7F8-D408-4A2A-B041-DD7D0942BFE7}.Debug|Any CPU.Build.0 = Debug|Any CPU
		{0F33F7F8-D408-4A2A-B041-DD7D0942BFE7}.Release|Any CPU.ActiveCfg = Release|Any CPU
		{0F33F7F8-D408-4A2A-B041-DD7D0942BFE7}.Release|Any CPU.Build.0 = Release|Any CPU
		{40D7BD21-AACB-4C9F-BFD6-4DD1E98AA91E}.Debug|Any CPU.ActiveCfg = Debug|Any CPU
		{40D7BD21-AACB-4C9F-BFD6-4DD1E98AA91E}.Debug|Any CPU.Build.0 = Debug|Any CPU
		{40D7BD21-AACB-4C9F-BFD6-4DD1E98AA91E}.Release|Any CPU.ActiveCfg = Release|Any CPU
		{40D7BD21-AACB-4C9F-BFD6-4DD1E98AA91E}.Release|Any CPU.Build.0 = Release|Any CPU
		{4C2215C4-9A53-41E4-9EC9-7C77D72A911B}.Debug|Any CPU.ActiveCfg = Debug|Any CPU
		{4C2215C4-9A53-41E4-9EC9-7C77D72A911B}.Debug|Any CPU.Build.0 = Debug|Any CPU
		{4C2215C4-9A53-41E4-9EC9-7C77D72A911B}.Release|Any CPU.ActiveCfg = Release|Any CPU
		{4C2215C4-9A53-41E4-9EC9-7C77D72A911B}.Release|Any CPU.Build.0 = Release|Any CPU
		{F4B7345B-AB71-4CC1-AEBF-0396EB1B690A}.Debug|Any CPU.ActiveCfg = Debug|Any CPU
		{F4B7345B-AB71-4CC1-AEBF-0396EB1B690A}.Debug|Any CPU.Build.0 = Debug|Any CPU
		{F4B7345B-AB71-4CC1-AEBF-0396EB1B690A}.Release|Any CPU.ActiveCfg = Release|Any CPU
		{F4B7345B-AB71-4CC1-AEBF-0396EB1B690A}.Release|Any CPU.Build.0 = Release|Any CPU
		{5E5A8C57-EEF5-4ED6-8512-A935D0BEB05A}.Debug|Any CPU.ActiveCfg = Debug|Any CPU
		{5E5A8C57-EEF5-4ED6-8512-A935D0BEB05A}.Debug|Any CPU.Build.0 = Debug|Any CPU
		{5E5A8C57-EEF5-4ED6-8512-A935D0BEB05A}.Release|Any CPU.ActiveCfg = Release|Any CPU
		{5E5A8C57-EEF5-4ED6-8512-A935D0BEB05A}.Release|Any CPU.Build.0 = Release|Any CPU
		{9B430C19-DA2E-4277-8A8A-FF6C486B4F50}.Debug|Any CPU.ActiveCfg = Debug|Any CPU
		{9B430C19-DA2E-4277-8A8A-FF6C486B4F50}.Debug|Any CPU.Build.0 = Debug|Any CPU
		{9B430C19-DA2E-4277-8A8A-FF6C486B4F50}.Release|Any CPU.ActiveCfg = Release|Any CPU
		{9B430C19-DA2E-4277-8A8A-FF6C486B4F50}.Release|Any CPU.Build.0 = Release|Any CPU
		{54BE71E6-FC2F-478F-8E5E-D7310776FC91}.Debug|Any CPU.ActiveCfg = Debug|Any CPU
		{54BE71E6-FC2F-478F-8E5E-D7310776FC91}.Debug|Any CPU.Build.0 = Debug|Any CPU
		{54BE71E6-FC2F-478F-8E5E-D7310776FC91}.Release|Any CPU.ActiveCfg = Release|Any CPU
		{54BE71E6-FC2F-478F-8E5E-D7310776FC91}.Release|Any CPU.Build.0 = Release|Any CPU
	EndGlobalSection
	GlobalSection(SolutionProperties) = preSolution
		HideSolutionNode = FALSE
	EndGlobalSection
	GlobalSection(NestedProjects) = preSolution
		{72A89197-AB57-4966-A23D-27575BBC5D13} = {F99603C6-DED9-466C-873A-613780D92DA3}
		{5FC4560D-6D35-4098-84DC-29A49362C170} = {E32EDA1A-507E-47E5-9637-10B1815F4F73}
		{C28CE18D-3F47-4434-A939-237E6E4AEDF4} = {E32EDA1A-507E-47E5-9637-10B1815F4F73}
		{37D98F19-6278-4FD1-A34E-A9DB21A9ADBA} = {E32EDA1A-507E-47E5-9637-10B1815F4F73}
		{7404C762-F0A7-40AA-8124-D262003F9290} = {E32EDA1A-507E-47E5-9637-10B1815F4F73}
		{B9B331E1-74AC-4BD2-8FEA-6CBC52BB99E5} = {F99603C6-DED9-466C-873A-613780D92DA3}
		{B6BB7A8D-AF26-439B-AC23-EBE81341F754} = {E32EDA1A-507E-47E5-9637-10B1815F4F73}
	EndGlobalSection
EndGlobal
