FRAMEWORK: NET45, NET461
NUGET
  remote: https://www.nuget.org/api/v2
    AutoFixture (3.49)
    FluentAssertions (4.11)
    LightInject (4.0.11)
    LightInject.WebApi (1.0.0.4)
      LightInject (>= 3.0.2.7)
    Microsoft.AspNet.WebApi.Client (5.2.3)
      Newtonsoft.Json (>= 6.0.4)
    Microsoft.AspNet.WebApi.Core (5.2.3)
      Microsoft.AspNet.WebApi.Client (>= 5.2.3)
    Microsoft.AspNet.WebApi.Owin (5.2.3)
      Microsoft.AspNet.WebApi.Core (>= 5.2.3 < 5.3)
      Microsoft.Owin (>= 2.0.2)
      Owin (>= 1.0)
    Microsoft.Owin (3.0.1)
      Owin (>= 1.0)
    Microsoft.Owin.Host.SystemWeb (3.0.1)
      Microsoft.Owin (>= 3.0.1)
      Owin (>= 1.0)
    Newtonsoft.Json (9.0.1)
    NSubstitute (1.10)
    NUnit (3.4.1)
    Owin (1.0)
    SimpleHelpers.ObjectDiffPatch (1.4)
      Newtonsoft.Json (>= 6.0.1)
    Swashbuckle.Core (5.3.2)
      Microsoft.AspNet.WebApi.Core (>= 4.0.20710)
